// !$*UTF8*$!
{
	archiveVersion = 1;
	classes = {
	};
	objectVersion = 55;
	objects = {

/* Begin PBXBuildFile section */
		203EB6EC278EBBB800D7EF08 /* Main.storyboard in Resources */ = {isa = PBXBuildFile; fileRef = 203EB6EB278EBBB700D7EF08 /* Main.storyboard */; };
		203EB6EF278EBD1400D7EF08 /* FirebaseAuth in Frameworks */ = {isa = PBXBuildFile; productRef = 203EB6EE278EBD1400D7EF08 /* FirebaseAuth */; };
		203EB6F1278EBD1400D7EF08 /* FirebaseFirestore in Frameworks */ = {isa = PBXBuildFile; productRef = 203EB6F0278EBD1400D7EF08 /* FirebaseFirestore */; };
		203EB6F4278EBDDD00D7EF08 /* FirebaseStorage in Frameworks */ = {isa = PBXBuildFile; productRef = 203EB6F3278EBDDD00D7EF08 /* FirebaseStorage */; };
		204B45F1278BE072004B8AB9 /* SideMenu.swift in Sources */ = {isa = PBXBuildFile; fileRef = 204B45F0278BE072004B8AB9 /* SideMenu.swift */; };
		204B4606278C424D004B8AB9 /* Localizable.strings in Resources */ = {isa = PBXBuildFile; fileRef = 204B4608278C424D004B8AB9 /* Localizable.strings */; };
		204B460A278D7F32004B8AB9 /* LanguageVC.swift in Sources */ = {isa = PBXBuildFile; fileRef = 204B4609278D7F31004B8AB9 /* LanguageVC.swift */; };
		206CDA1C27748B5C002D5C4B /* AppDelegate.swift in Sources */ = {isa = PBXBuildFile; fileRef = 206CDA1B27748B5C002D5C4B /* AppDelegate.swift */; };
		206CDA1E27748B5C002D5C4B /* SceneDelegate.swift in Sources */ = {isa = PBXBuildFile; fileRef = 206CDA1D27748B5C002D5C4B /* SceneDelegate.swift */; };
		206CDA2027748B5C002D5C4B /* ChangeLanguage.swift in Sources */ = {isa = PBXBuildFile; fileRef = 206CDA1F27748B5C002D5C4B /* ChangeLanguage.swift */; };
		206CDA2827748B61002D5C4B /* Assets.xcassets in Resources */ = {isa = PBXBuildFile; fileRef = 206CDA2727748B61002D5C4B /* Assets.xcassets */; };
		206CDA2B27748B61002D5C4B /* LaunchScreen.storyboard in Resources */ = {isa = PBXBuildFile; fileRef = 206CDA2927748B61002D5C4B /* LaunchScreen.storyboard */; };
		206CDA5E2774AABB002D5C4B /* Users.swift in Sources */ = {isa = PBXBuildFile; fileRef = 206CDA5D2774AABB002D5C4B /* Users.swift */; };
		206CDA602774ACDE002D5C4B /* UserApi.swift in Sources */ = {isa = PBXBuildFile; fileRef = 206CDA5F2774ACDE002D5C4B /* UserApi.swift */; };
		206CDA622774B40E002D5C4B /* ProfileVC.swift in Sources */ = {isa = PBXBuildFile; fileRef = 206CDA612774B40E002D5C4B /* ProfileVC.swift */; };
		206CDA6527766EB5002D5C4B /* SignInVC.swift in Sources */ = {isa = PBXBuildFile; fileRef = 206CDA6427766EB5002D5C4B /* SignInVC.swift */; };
		206CDA6927777625002D5C4B /* RegistrtionVC.swift in Sources */ = {isa = PBXBuildFile; fileRef = 206CDA6827777625002D5C4B /* RegistrtionVC.swift */; };
		2076CEE7277DDFA1000237E0 /* Home.swift in Sources */ = {isa = PBXBuildFile; fileRef = 2076CEE6277DDFA1000237E0 /* Home.swift */; };
		2076CEE92780C3EB000237E0 /* MapVC.swift in Sources */ = {isa = PBXBuildFile; fileRef = 2076CEE82780C3EB000237E0 /* MapVC.swift */; };
		20819F0827782D5A002DD0AA /* ScannerVC.swift in Sources */ = {isa = PBXBuildFile; fileRef = 20819F0727782D5A002DD0AA /* ScannerVC.swift */; };
		20819F0A27782E44002DD0AA /* InformationSVC.swift in Sources */ = {isa = PBXBuildFile; fileRef = 20819F0927782E44002DD0AA /* InformationSVC.swift */; };
		20819F0C27785F00002DD0AA /* MosqueQR.swift in Sources */ = {isa = PBXBuildFile; fileRef = 20819F0B27785F00002DD0AA /* MosqueQR.swift */; };
		2098E18C2784694500EB1952 /* SideMenu in Frameworks */ = {isa = PBXBuildFile; productRef = 2098E18B2784694500EB1952 /* SideMenu */; };
		20A53378278B0D56009CA2F0 /* HomePagVC.swift in Sources */ = {isa = PBXBuildFile; fileRef = 20A53377278B0D56009CA2F0 /* HomePagVC.swift */; };
		20A5337A278BC86B009CA2F0 /* SideMenuVC.swift in Sources */ = {isa = PBXBuildFile; fileRef = 20A53379278BC86B009CA2F0 /* SideMenuVC.swift */; };
		20A5337E278BCD06009CA2F0 /* SideMenuCell.swift in Sources */ = {isa = PBXBuildFile; fileRef = 20A5337D278BCD06009CA2F0 /* SideMenuCell.swift */; };
		20A53380278BCDC3009CA2F0 /* HomePagCell.swift in Sources */ = {isa = PBXBuildFile; fileRef = 20A5337F278BCDC3009CA2F0 /* HomePagCell.swift */; };
		20B623D8277B1B8B0042A456 /* GoogleService-Info.plist in Resources */ = {isa = PBXBuildFile; fileRef = 20B623D7277B1B8A0042A456 /* GoogleService-Info.plist */; };
/* End PBXBuildFile section */

/* Begin PBXFileReference section */
		203EB6EB278EBBB700D7EF08 /* Main.storyboard */ = {isa = PBXFileReference; fileEncoding = 4; lastKnownFileType = file.storyboard; name = Main.storyboard; path = ../../../Beqaa/Beqaa/Main.storyboard; sourceTree = "<group>"; };
		204B45F0278BE072004B8AB9 /* SideMenu.swift */ = {isa = PBXFileReference; lastKnownFileType = sourcecode.swift; path = SideMenu.swift; sourceTree = "<group>"; };
		204B4603278C4043004B8AB9 /* ar-SA */ = {isa = PBXFileReference; lastKnownFileType = text.plist.strings; name = "ar-SA"; path = "ar-SA.lproj/LaunchScreen.strings"; sourceTree = "<group>"; };
		204B4607278C424D004B8AB9 /* ar-SA */ = {isa = PBXFileReference; lastKnownFileType = text.plist.strings; name = "ar-SA"; path = "ar-SA.lproj/Localizable.strings"; sourceTree = "<group>"; };
		204B4609278D7F31004B8AB9 /* LanguageVC.swift */ = {isa = PBXFileReference; lastKnownFileType = sourcecode.swift; path = LanguageVC.swift; sourceTree = "<group>"; };
		206CDA1827748B5C002D5C4B /* Beqaa.app */ = {isa = PBXFileReference; explicitFileType = wrapper.application; includeInIndex = 0; path = Beqaa.app; sourceTree = BUILT_PRODUCTS_DIR; };
		206CDA1B27748B5C002D5C4B /* AppDelegate.swift */ = {isa = PBXFileReference; lastKnownFileType = sourcecode.swift; path = AppDelegate.swift; sourceTree = "<group>"; };
		206CDA1D27748B5C002D5C4B /* SceneDelegate.swift */ = {isa = PBXFileReference; lastKnownFileType = sourcecode.swift; path = SceneDelegate.swift; sourceTree = "<group>"; };
		206CDA1F27748B5C002D5C4B /* ChangeLanguage.swift */ = {isa = PBXFileReference; lastKnownFileType = sourcecode.swift; path = ChangeLanguage.swift; sourceTree = "<group>"; };
		206CDA2727748B61002D5C4B /* Assets.xcassets */ = {isa = PBXFileReference; lastKnownFileType = folder.assetcatalog; path = Assets.xcassets; sourceTree = "<group>"; };
		206CDA2A27748B61002D5C4B /* Base */ = {isa = PBXFileReference; lastKnownFileType = file.storyboard; name = Base; path = Base.lproj/LaunchScreen.storyboard; sourceTree = "<group>"; };
		206CDA2C27748B61002D5C4B /* Info.plist */ = {isa = PBXFileReference; lastKnownFileType = text.plist.xml; path = Info.plist; sourceTree = "<group>"; };
		206CDA5D2774AABB002D5C4B /* Users.swift */ = {isa = PBXFileReference; lastKnownFileType = sourcecode.swift; path = Users.swift; sourceTree = "<group>"; };
		206CDA5F2774ACDE002D5C4B /* UserApi.swift */ = {isa = PBXFileReference; lastKnownFileType = sourcecode.swift; path = UserApi.swift; sourceTree = "<group>"; };
		206CDA612774B40E002D5C4B /* ProfileVC.swift */ = {isa = PBXFileReference; lastKnownFileType = sourcecode.swift; path = ProfileVC.swift; sourceTree = "<group>"; };
		206CDA6427766EB5002D5C4B /* SignInVC.swift */ = {isa = PBXFileReference; lastKnownFileType = sourcecode.swift; path = SignInVC.swift; sourceTree = "<group>"; };
		206CDA6827777625002D5C4B /* RegistrtionVC.swift */ = {isa = PBXFileReference; lastKnownFileType = sourcecode.swift; path = RegistrtionVC.swift; sourceTree = "<group>"; };
		2076CEE6277DDFA1000237E0 /* Home.swift */ = {isa = PBXFileReference; lastKnownFileType = sourcecode.swift; path = Home.swift; sourceTree = "<group>"; };
		2076CEE82780C3EB000237E0 /* MapVC.swift */ = {isa = PBXFileReference; lastKnownFileType = sourcecode.swift; path = MapVC.swift; sourceTree = "<group>"; };
		20819F0727782D5A002DD0AA /* ScannerVC.swift */ = {isa = PBXFileReference; lastKnownFileType = sourcecode.swift; path = ScannerVC.swift; sourceTree = "<group>"; };
		20819F0927782E44002DD0AA /* InformationSVC.swift */ = {isa = PBXFileReference; lastKnownFileType = sourcecode.swift; path = InformationSVC.swift; sourceTree = "<group>"; };
		20819F0B27785F00002DD0AA /* MosqueQR.swift */ = {isa = PBXFileReference; lastKnownFileType = sourcecode.swift; path = MosqueQR.swift; sourceTree = "<group>"; };
		20A53377278B0D56009CA2F0 /* HomePagVC.swift */ = {isa = PBXFileReference; fileEncoding = 4; lastKnownFileType = sourcecode.swift; path = HomePagVC.swift; sourceTree = "<group>"; };
		20A53379278BC86B009CA2F0 /* SideMenuVC.swift */ = {isa = PBXFileReference; fileEncoding = 4; lastKnownFileType = sourcecode.swift; path = SideMenuVC.swift; sourceTree = "<group>"; };
		20A5337D278BCD06009CA2F0 /* SideMenuCell.swift */ = {isa = PBXFileReference; fileEncoding = 4; lastKnownFileType = sourcecode.swift; name = SideMenuCell.swift; path = Beqaa/Cells/SideMenuCell.swift; sourceTree = SOURCE_ROOT; };
		20A5337F278BCDC3009CA2F0 /* HomePagCell.swift */ = {isa = PBXFileReference; fileEncoding = 4; lastKnownFileType = sourcecode.swift; name = HomePagCell.swift; path = Beqaa/Cells/HomePagCell.swift; sourceTree = SOURCE_ROOT; };
		20B623D7277B1B8A0042A456 /* GoogleService-Info.plist */ = {isa = PBXFileReference; fileEncoding = 4; lastKnownFileType = text.plist.xml; path = "GoogleService-Info.plist"; sourceTree = "<group>"; };
/* End PBXFileReference section */

/* Begin PBXFrameworksBuildPhase section */
		206CDA1527748B5C002D5C4B /* Frameworks */ = {
			isa = PBXFrameworksBuildPhase;
			buildActionMask = 2147483647;
			files = (
				2098E18C2784694500EB1952 /* SideMenu in Frameworks */,
				203EB6F4278EBDDD00D7EF08 /* FirebaseStorage in Frameworks */,
				203EB6EF278EBD1400D7EF08 /* FirebaseAuth in Frameworks */,
				203EB6F1278EBD1400D7EF08 /* FirebaseFirestore in Frameworks */,
			);
			runOnlyForDeploymentPostprocessing = 0;
		};
/* End PBXFrameworksBuildPhase section */

/* Begin PBXGroup section */
		203EB6F2278EBDDD00D7EF08 /* Frameworks */ = {
			isa = PBXGroup;
			children = (
			);
			name = Frameworks;
			sourceTree = "<group>";
		};
		206CDA0F27748B5C002D5C4B = {
			isa = PBXGroup;
			children = (
				206CDA1A27748B5C002D5C4B /* Beqaa */,
				206CDA1927748B5C002D5C4B /* Products */,
				203EB6F2278EBDDD00D7EF08 /* Frameworks */,
			);
			sourceTree = "<group>";
		};
		206CDA1927748B5C002D5C4B /* Products */ = {
			isa = PBXGroup;
			children = (
				206CDA1827748B5C002D5C4B /* Beqaa.app */,
			);
			name = Products;
			sourceTree = "<group>";
		};
		206CDA1A27748B5C002D5C4B /* Beqaa */ = {
			isa = PBXGroup;
			children = (
				206CDA6327766DDF002D5C4B /* Controllers */,
				20A53385278BD564009CA2F0 /* Cells */,
				20DBCD8E278199400031A071 /* Model */,
				206CDA1D27748B5C002D5C4B /* SceneDelegate.swift */,
				206CDA1F27748B5C002D5C4B /* ChangeLanguage.swift */,
				206CDA1B27748B5C002D5C4B /* AppDelegate.swift */,
				206CDA2727748B61002D5C4B /* Assets.xcassets */,
				203EB6EB278EBBB700D7EF08 /* Main.storyboard */,
				206CDA2927748B61002D5C4B /* LaunchScreen.storyboard */,
				206CDA2C27748B61002D5C4B /* Info.plist */,
				20B623D7277B1B8A0042A456 /* GoogleService-Info.plist */,
				204B4608278C424D004B8AB9 /* Localizable.strings */,
				204B4609278D7F31004B8AB9 /* LanguageVC.swift */,
			);
			path = Beqaa;
			sourceTree = "<group>";
		};
		206CDA6327766DDF002D5C4B /* Controllers */ = {
			isa = PBXGroup;
			children = (
				20DBCD8D278198E30031A071 /* LOGNIN */,
				20A53383278BD2B4009CA2F0 /* POFAILE */,
				20DBCD90278199B40031A071 /* USER API */,
				20A53382278BD23D009CA2F0 /* HOME */,
				20A53381278BD0E4009CA2F0 /* RQ */,
				20A53384278BD463009CA2F0 /* LOCATION */,
			);
			path = Controllers;
			sourceTree = "<group>";
		};
		20A53381278BD0E4009CA2F0 /* RQ */ = {
			isa = PBXGroup;
			children = (
				20819F0727782D5A002DD0AA /* ScannerVC.swift */,
				20819F0927782E44002DD0AA /* InformationSVC.swift */,
			);
			path = RQ;
			sourceTree = "<group>";
		};
		20A53382278BD23D009CA2F0 /* HOME */ = {
			isa = PBXGroup;
			children = (
				20A53377278B0D56009CA2F0 /* HomePagVC.swift */,
				20A53379278BC86B009CA2F0 /* SideMenuVC.swift */,
			);
			path = HOME;
			sourceTree = "<group>";
		};
		20A53383278BD2B4009CA2F0 /* POFAILE */ = {
			isa = PBXGroup;
			children = (
				206CDA612774B40E002D5C4B /* ProfileVC.swift */,
			);
			path = POFAILE;
			sourceTree = "<group>";
		};
		20A53384278BD463009CA2F0 /* LOCATION */ = {
			isa = PBXGroup;
			children = (
				2076CEE82780C3EB000237E0 /* MapVC.swift */,
			);
			path = LOCATION;
			sourceTree = "<group>";
		};
		20A53385278BD564009CA2F0 /* Cells */ = {
			isa = PBXGroup;
			children = (
				20A5337F278BCDC3009CA2F0 /* HomePagCell.swift */,
				20A5337D278BCD06009CA2F0 /* SideMenuCell.swift */,
			);
			path = Cells;
			sourceTree = "<group>";
		};
		20DBCD8D278198E30031A071 /* LOGNIN */ = {
			isa = PBXGroup;
			children = (
				206CDA6827777625002D5C4B /* RegistrtionVC.swift */,
				206CDA6427766EB5002D5C4B /* SignInVC.swift */,
			);
			path = LOGNIN;
			sourceTree = "<group>";
		};
		20DBCD8E278199400031A071 /* Model */ = {
			isa = PBXGroup;
			children = (
				20819F0B27785F00002DD0AA /* MosqueQR.swift */,
				2076CEE6277DDFA1000237E0 /* Home.swift */,
				206CDA5D2774AABB002D5C4B /* Users.swift */,
				204B45F0278BE072004B8AB9 /* SideMenu.swift */,
			);
			path = Model;
			sourceTree = "<group>";
		};
		20DBCD90278199B40031A071 /* USER API */ = {
			isa = PBXGroup;
			children = (
				206CDA5F2774ACDE002D5C4B /* UserApi.swift */,
			);
			path = "USER API";
			sourceTree = "<group>";
		};
/* End PBXGroup section */

/* Begin PBXNativeTarget section */
		206CDA1727748B5C002D5C4B /* Beqaa */ = {
			isa = PBXNativeTarget;
			buildConfigurationList = 206CDA4527748B61002D5C4B /* Build configuration list for PBXNativeTarget "Beqaa" */;
			buildPhases = (
				206CDA1427748B5C002D5C4B /* Sources */,
				206CDA1527748B5C002D5C4B /* Frameworks */,
				206CDA1627748B5C002D5C4B /* Resources */,
			);
			buildRules = (
			);
			dependencies = (
			);
			name = Beqaa;
			packageProductDependencies = (
				2098E18B2784694500EB1952 /* SideMenu */,
				203EB6EE278EBD1400D7EF08 /* FirebaseAuth */,
				203EB6F0278EBD1400D7EF08 /* FirebaseFirestore */,
				203EB6F3278EBDDD00D7EF08 /* FirebaseStorage */,
			);
			productName = AWQAF2;
			productReference = 206CDA1827748B5C002D5C4B /* Beqaa.app */;
			productType = "com.apple.product-type.application";
		};
/* End PBXNativeTarget section */

/* Begin PBXProject section */
		206CDA1027748B5C002D5C4B /* Project object */ = {
			isa = PBXProject;
			attributes = {
				BuildIndependentTargetsInParallel = 1;
				LastSwiftUpdateCheck = 1310;
				LastUpgradeCheck = 1310;
				ORGANIZATIONNAME = "";
				TargetAttributes = {
					206CDA1727748B5C002D5C4B = {
						CreatedOnToolsVersion = 13.1;
					};
				};
			};
			buildConfigurationList = 206CDA1327748B5C002D5C4B /* Build configuration list for PBXProject "Beqaa" */;
			compatibilityVersion = "Xcode 13.0";
			developmentRegion = en;
			hasScannedForEncodings = 0;
			knownRegions = (
				en,
				Base,
				"ar-SA",
			);
			mainGroup = 206CDA0F27748B5C002D5C4B;
			packageReferences = (
				2098E18A2784694400EB1952 /* XCRemoteSwiftPackageReference "SideMenu" */,
				203EB6ED278EBD1400D7EF08 /* XCRemoteSwiftPackageReference "firebase-ios-sdk" */,
			);
			productRefGroup = 206CDA1927748B5C002D5C4B /* Products */;
			projectDirPath = "";
			projectRoot = "";
			targets = (
				206CDA1727748B5C002D5C4B /* Beqaa */,
			);
		};
/* End PBXProject section */

/* Begin PBXResourcesBuildPhase section */
		206CDA1627748B5C002D5C4B /* Resources */ = {
			isa = PBXResourcesBuildPhase;
			buildActionMask = 2147483647;
			files = (
				204B4606278C424D004B8AB9 /* Localizable.strings in Resources */,
				20B623D8277B1B8B0042A456 /* GoogleService-Info.plist in Resources */,
				203EB6EC278EBBB800D7EF08 /* Main.storyboard in Resources */,
				206CDA2B27748B61002D5C4B /* LaunchScreen.storyboard in Resources */,
				206CDA2827748B61002D5C4B /* Assets.xcassets in Resources */,
			);
			runOnlyForDeploymentPostprocessing = 0;
		};
/* End PBXResourcesBuildPhase section */

/* Begin PBXSourcesBuildPhase section */
		206CDA1427748B5C002D5C4B /* Sources */ = {
			isa = PBXSourcesBuildPhase;
			buildActionMask = 2147483647;
			files = (
				206CDA2027748B5C002D5C4B /* ChangeLanguage.swift in Sources */,
				20A53380278BCDC3009CA2F0 /* HomePagCell.swift in Sources */,
				20819F0A27782E44002DD0AA /* InformationSVC.swift in Sources */,
				204B45F1278BE072004B8AB9 /* SideMenu.swift in Sources */,
				206CDA622774B40E002D5C4B /* ProfileVC.swift in Sources */,
				20A5337A278BC86B009CA2F0 /* SideMenuVC.swift in Sources */,
				206CDA5E2774AABB002D5C4B /* Users.swift in Sources */,
				206CDA6527766EB5002D5C4B /* SignInVC.swift in Sources */,
				20A53378278B0D56009CA2F0 /* HomePagVC.swift in Sources */,
				20A5337E278BCD06009CA2F0 /* SideMenuCell.swift in Sources */,
				2076CEE7277DDFA1000237E0 /* Home.swift in Sources */,
				20819F0C27785F00002DD0AA /* MosqueQR.swift in Sources */,
				2076CEE92780C3EB000237E0 /* MapVC.swift in Sources */,
				206CDA602774ACDE002D5C4B /* UserApi.swift in Sources */,
				206CDA1C27748B5C002D5C4B /* AppDelegate.swift in Sources */,
				206CDA1E27748B5C002D5C4B /* SceneDelegate.swift in Sources */,
				206CDA6927777625002D5C4B /* RegistrtionVC.swift in Sources */,
				204B460A278D7F32004B8AB9 /* LanguageVC.swift in Sources */,
				20819F0827782D5A002DD0AA /* ScannerVC.swift in Sources */,
			);
			runOnlyForDeploymentPostprocessing = 0;
		};
/* End PBXSourcesBuildPhase section */

/* Begin PBXVariantGroup section */
		204B4608278C424D004B8AB9 /* Localizable.strings */ = {
			isa = PBXVariantGroup;
			children = (
				204B4607278C424D004B8AB9 /* ar-SA */,
			);
			name = Localizable.strings;
			sourceTree = "<group>";
		};
		206CDA2927748B61002D5C4B /* LaunchScreen.storyboard */ = {
			isa = PBXVariantGroup;
			children = (
				206CDA2A27748B61002D5C4B /* Base */,
				204B4603278C4043004B8AB9 /* ar-SA */,
			);
			name = LaunchScreen.storyboard;
			sourceTree = "<group>";
		};
/* End PBXVariantGroup section */

/* Begin XCBuildConfiguration section */
		206CDA4327748B61002D5C4B /* Debug */ = {
			isa = XCBuildConfiguration;
			buildSettings = {
				ALWAYS_SEARCH_USER_PATHS = NO;
				CLANG_ANALYZER_LOCALIZABILITY_NONLOCALIZED = YES;
				CLANG_ANALYZER_NONNULL = YES;
				CLANG_ANALYZER_NUMBER_OBJECT_CONVERSION = YES_AGGRESSIVE;
				CLANG_CXX_LANGUAGE_STANDARD = "gnu++17";
				CLANG_CXX_LIBRARY = "libc++";
				CLANG_ENABLE_MODULES = YES;
				CLANG_ENABLE_OBJC_ARC = YES;
				CLANG_ENABLE_OBJC_WEAK = YES;
				CLANG_WARN_BLOCK_CAPTURE_AUTORELEASING = YES;
				CLANG_WARN_BOOL_CONVERSION = YES;
				CLANG_WARN_COMMA = YES;
				CLANG_WARN_CONSTANT_CONVERSION = YES;
				CLANG_WARN_DEPRECATED_OBJC_IMPLEMENTATIONS = YES;
				CLANG_WARN_DIRECT_OBJC_ISA_USAGE = YES_ERROR;
				CLANG_WARN_DOCUMENTATION_COMMENTS = YES;
				CLANG_WARN_EMPTY_BODY = YES;
				CLANG_WARN_ENUM_CONVERSION = YES;
				CLANG_WARN_INFINITE_RECURSION = YES;
				CLANG_WARN_INT_CONVERSION = YES;
				CLANG_WARN_NON_LITERAL_NULL_CONVERSION = YES;
				CLANG_WARN_OBJC_IMPLICIT_RETAIN_SELF = YES;
				CLANG_WARN_OBJC_LITERAL_CONVERSION = YES;
				CLANG_WARN_OBJC_ROOT_CLASS = YES_ERROR;
				CLANG_WARN_QUOTED_INCLUDE_IN_FRAMEWORK_HEADER = YES;
				CLANG_WARN_RANGE_LOOP_ANALYSIS = YES;
				CLANG_WARN_STRICT_PROTOTYPES = YES;
				CLANG_WARN_SUSPICIOUS_MOVE = YES;
				CLANG_WARN_UNGUARDED_AVAILABILITY = YES_AGGRESSIVE;
				CLANG_WARN_UNREACHABLE_CODE = YES;
				CLANG_WARN__DUPLICATE_METHOD_MATCH = YES;
				COPY_PHASE_STRIP = NO;
				DEBUG_INFORMATION_FORMAT = dwarf;
				ENABLE_STRICT_OBJC_MSGSEND = YES;
				ENABLE_TESTABILITY = YES;
				GCC_C_LANGUAGE_STANDARD = gnu11;
				GCC_DYNAMIC_NO_PIC = NO;
				GCC_NO_COMMON_BLOCKS = YES;
				GCC_OPTIMIZATION_LEVEL = 0;
				GCC_PREPROCESSOR_DEFINITIONS = (
					"DEBUG=1",
					"$(inherited)",
				);
				GCC_WARN_64_TO_32_BIT_CONVERSION = YES;
				GCC_WARN_ABOUT_RETURN_TYPE = YES_ERROR;
				GCC_WARN_UNDECLARED_SELECTOR = YES;
				GCC_WARN_UNINITIALIZED_AUTOS = YES_AGGRESSIVE;
				GCC_WARN_UNUSED_FUNCTION = YES;
				GCC_WARN_UNUSED_VARIABLE = YES;
				IPHONEOS_DEPLOYMENT_TARGET = 15.2;
				MTL_ENABLE_DEBUG_INFO = INCLUDE_SOURCE;
				MTL_FAST_MATH = YES;
				ONLY_ACTIVE_ARCH = YES;
				SDKROOT = iphoneos;
				SWIFT_ACTIVE_COMPILATION_CONDITIONS = DEBUG;
				SWIFT_OPTIMIZATION_LEVEL = "-Onone";
			};
			name = Debug;
		};
		206CDA4427748B61002D5C4B /* Release */ = {
			isa = XCBuildConfiguration;
			buildSettings = {
				ALWAYS_SEARCH_USER_PATHS = NO;
				CLANG_ANALYZER_LOCALIZABILITY_NONLOCALIZED = YES;
				CLANG_ANALYZER_NONNULL = YES;
				CLANG_ANALYZER_NUMBER_OBJECT_CONVERSION = YES_AGGRESSIVE;
				CLANG_CXX_LANGUAGE_STANDARD = "gnu++17";
				CLANG_CXX_LIBRARY = "libc++";
				CLANG_ENABLE_MODULES = YES;
				CLANG_ENABLE_OBJC_ARC = YES;
				CLANG_ENABLE_OBJC_WEAK = YES;
				CLANG_WARN_BLOCK_CAPTURE_AUTORELEASING = YES;
				CLANG_WARN_BOOL_CONVERSION = YES;
				CLANG_WARN_COMMA = YES;
				CLANG_WARN_CONSTANT_CONVERSION = YES;
				CLANG_WARN_DEPRECATED_OBJC_IMPLEMENTATIONS = YES;
				CLANG_WARN_DIRECT_OBJC_ISA_USAGE = YES_ERROR;
				CLANG_WARN_DOCUMENTATION_COMMENTS = YES;
				CLANG_WARN_EMPTY_BODY = YES;
				CLANG_WARN_ENUM_CONVERSION = YES;
				CLANG_WARN_INFINITE_RECURSION = YES;
				CLANG_WARN_INT_CONVERSION = YES;
				CLANG_WARN_NON_LITERAL_NULL_CONVERSION = YES;
				CLANG_WARN_OBJC_IMPLICIT_RETAIN_SELF = YES;
				CLANG_WARN_OBJC_LITERAL_CONVERSION = YES;
				CLANG_WARN_OBJC_ROOT_CLASS = YES_ERROR;
				CLANG_WARN_QUOTED_INCLUDE_IN_FRAMEWORK_HEADER = YES;
				CLANG_WARN_RANGE_LOOP_ANALYSIS = YES;
				CLANG_WARN_STRICT_PROTOTYPES = YES;
				CLANG_WARN_SUSPICIOUS_MOVE = YES;
				CLANG_WARN_UNGUARDED_AVAILABILITY = YES_AGGRESSIVE;
				CLANG_WARN_UNREACHABLE_CODE = YES;
				CLANG_WARN__DUPLICATE_METHOD_MATCH = YES;
				COPY_PHASE_STRIP = NO;
				DEBUG_INFORMATION_FORMAT = "dwarf-with-dsym";
				ENABLE_NS_ASSERTIONS = NO;
				ENABLE_STRICT_OBJC_MSGSEND = YES;
				GCC_C_LANGUAGE_STANDARD = gnu11;
				GCC_NO_COMMON_BLOCKS = YES;
				GCC_WARN_64_TO_32_BIT_CONVERSION = YES;
				GCC_WARN_ABOUT_RETURN_TYPE = YES_ERROR;
				GCC_WARN_UNDECLARED_SELECTOR = YES;
				GCC_WARN_UNINITIALIZED_AUTOS = YES_AGGRESSIVE;
				GCC_WARN_UNUSED_FUNCTION = YES;
				GCC_WARN_UNUSED_VARIABLE = YES;
				IPHONEOS_DEPLOYMENT_TARGET = 15.2;
				MTL_ENABLE_DEBUG_INFO = NO;
				MTL_FAST_MATH = YES;
				SDKROOT = iphoneos;
				SWIFT_COMPILATION_MODE = wholemodule;
				SWIFT_OPTIMIZATION_LEVEL = "-O";
				VALIDATE_PRODUCT = YES;
			};
			name = Release;
		};
		206CDA4627748B61002D5C4B /* Debug */ = {
			isa = XCBuildConfiguration;
			buildSettings = {
				ASSETCATALOG_COMPILER_APPICON_NAME = AppIcon;
				ASSETCATALOG_COMPILER_GLOBAL_ACCENT_COLOR_NAME = AccentColor;
				CODE_SIGN_IDENTITY = "Apple Development";
				CODE_SIGN_STYLE = Automatic;
				CURRENT_PROJECT_VERSION = 1;
				DEVELOPMENT_TEAM = G58BH98Q5G;
				GENERATE_INFOPLIST_FILE = YES;
				INFOPLIST_FILE = Beqaa/Info.plist;
				INFOPLIST_KEY_NSCameraUsageDescription = "we need scan";
				INFOPLIST_KEY_UIApplicationSupportsIndirectInputEvents = YES;
				INFOPLIST_KEY_UILaunchStoryboardName = LaunchScreen;
				INFOPLIST_KEY_UIMainStoryboardFile = Main;
				INFOPLIST_KEY_UISupportedInterfaceOrientations_iPad = "UIInterfaceOrientationPortrait UIInterfaceOrientationPortraitUpsideDown UIInterfaceOrientationLandscapeLeft UIInterfaceOrientationLandscapeRight";
				INFOPLIST_KEY_UISupportedInterfaceOrientations_iPhone = "UIInterfaceOrientationPortrait UIInterfaceOrientationLandscapeLeft UIInterfaceOrientationLandscapeRight";
				IPHONEOS_DEPLOYMENT_TARGET = 15.0;
				LD_RUNPATH_SEARCH_PATHS = (
					"$(inherited)",
					"@executable_path/Frameworks",
				);
				MARKETING_VERSION = 1.0;
				PRODUCT_BUNDLE_IDENTIFIER = "com.github-hanaalmutlak.Beqaa";
				PRODUCT_NAME = "$(TARGET_NAME)";
				PROVISIONING_PROFILE_SPECIFIER = "";
				SWIFT_EMIT_LOC_STRINGS = YES;
				SWIFT_VERSION = 5.0;
				TARGETED_DEVICE_FAMILY = "1,2";
			};
			name = Debug;
		};
		206CDA4727748B61002D5C4B /* Release */ = {
			isa = XCBuildConfiguration;
			buildSettings = {
				ASSETCATALOG_COMPILER_APPICON_NAME = AppIcon;
				ASSETCATALOG_COMPILER_GLOBAL_ACCENT_COLOR_NAME = AccentColor;
				CODE_SIGN_IDENTITY = "Apple Development";
				CODE_SIGN_STYLE = Automatic;
				CURRENT_PROJECT_VERSION = 1;
				DEVELOPMENT_TEAM = G58BH98Q5G;
				GENERATE_INFOPLIST_FILE = YES;
				INFOPLIST_FILE = Beqaa/Info.plist;
				"INFOPLIST_FILE[sdk=*]" = Beqaa/Info.plist;
				INFOPLIST_KEY_NSCameraUsageDescription = "we need scan";
				INFOPLIST_KEY_UIApplicationSupportsIndirectInputEvents = YES;
				INFOPLIST_KEY_UILaunchStoryboardName = LaunchScreen;
				INFOPLIST_KEY_UIMainStoryboardFile = Main;
				INFOPLIST_KEY_UISupportedInterfaceOrientations_iPad = "UIInterfaceOrientationPortrait UIInterfaceOrientationPortraitUpsideDown UIInterfaceOrientationLandscapeLeft UIInterfaceOrientationLandscapeRight";
				INFOPLIST_KEY_UISupportedInterfaceOrientations_iPhone = "UIInterfaceOrientationPortrait UIInterfaceOrientationLandscapeLeft UIInterfaceOrientationLandscapeRight";
				IPHONEOS_DEPLOYMENT_TARGET = 15.0;
				LD_RUNPATH_SEARCH_PATHS = (
					"$(inherited)",
					"@executable_path/Frameworks",
				);
				MARKETING_VERSION = 1.0;
				PRODUCT_BUNDLE_IDENTIFIER = "com.github-hanaalmutlak.Beqaa";
				PRODUCT_NAME = "$(TARGET_NAME)";
				PROVISIONING_PROFILE_SPECIFIER = "";
				SWIFT_EMIT_LOC_STRINGS = YES;
				SWIFT_VERSION = 5.0;
				TARGETED_DEVICE_FAMILY = "1,2";
			};
			name = Release;
		};
/* End XCBuildConfiguration section */

/* Begin XCConfigurationList section */
		206CDA1327748B5C002D5C4B /* Build configuration list for PBXProject "Beqaa" */ = {
			isa = XCConfigurationList;
			buildConfigurations = (
				206CDA4327748B61002D5C4B /* Debug */,
				206CDA4427748B61002D5C4B /* Release */,
			);
			defaultConfigurationIsVisible = 0;
			defaultConfigurationName = Release;
		};
		206CDA4527748B61002D5C4B /* Build configuration list for PBXNativeTarget "Beqaa" */ = {
			isa = XCConfigurationList;
			buildConfigurations = (
				206CDA4627748B61002D5C4B /* Debug */,
				206CDA4727748B61002D5C4B /* Release */,
			);
			defaultConfigurationIsVisible = 0;
			defaultConfigurationName = Release;
		};
/* End XCConfigurationList section */

/* Begin XCRemoteSwiftPackageReference section */
		203EB6ED278EBD1400D7EF08 /* XCRemoteSwiftPackageReference "firebase-ios-sdk" */ = {
			isa = XCRemoteSwiftPackageReference;
			repositoryURL = "https://github.com/firebase/firebase-ios-sdk";
			requirement = {
				kind = upToNextMajorVersion;
				minimumVersion = 8.0.0;
			};
		};
		2098E18A2784694400EB1952 /* XCRemoteSwiftPackageReference "SideMenu" */ = {
			isa = XCRemoteSwiftPackageReference;
			repositoryURL = "https://github.com/jonkykong/SideMenu.git";
			requirement = {
				kind = upToNextMajorVersion;
				minimumVersion = 6.0.0;
			};
		};
/* End XCRemoteSwiftPackageReference section */

/* Begin XCSwiftPackageProductDependency section */
		203EB6EE278EBD1400D7EF08 /* FirebaseAuth */ = {
			isa = XCSwiftPackageProductDependency;
			package = 203EB6ED278EBD1400D7EF08 /* XCRemoteSwiftPackageReference "firebase-ios-sdk" */;
			productName = FirebaseAuth;
		};
		203EB6F0278EBD1400D7EF08 /* FirebaseFirestore */ = {
			isa = XCSwiftPackageProductDependency;
			package = 203EB6ED278EBD1400D7EF08 /* XCRemoteSwiftPackageReference "firebase-ios-sdk" */;
			productName = FirebaseFirestore;
		};
		203EB6F3278EBDDD00D7EF08 /* FirebaseStorage */ = {
			isa = XCSwiftPackageProductDependency;
			package = 203EB6ED278EBD1400D7EF08 /* XCRemoteSwiftPackageReference "firebase-ios-sdk" */;
			productName = FirebaseStorage;
		};
		2098E18B2784694500EB1952 /* SideMenu */ = {
			isa = XCSwiftPackageProductDependency;
			package = 2098E18A2784694400EB1952 /* XCRemoteSwiftPackageReference "SideMenu" */;
			productName = SideMenu;
		};
/* End XCSwiftPackageProductDependency section */
	};
	rootObject = 206CDA1027748B5C002D5C4B /* Project object */;
}
